
Microsoft Visual Studio Solution File, Format Version 11.00
# Visual Studio 2010
Project("{8BC9CEB8-8B4A-11D0-8D11-00A0C91BC942}") = "CPTN230_A2_Fahey", "CPTN230_A2_Fahey\CPTN230_A2_Fahey.vcxproj", "{F354E954-B370-4EF8-85B4-0CAB3CB6AE94}"
EndProject
Global
	GlobalSection(SolutionConfigurationPlatforms) = preSolution
		Debug|Win32 = Debug|Win32
		Release|Win32 = Release|Win32
	EndGlobalSection
	GlobalSection(ProjectConfigurationPlatforms) = postSolution
		{F354E954-B370-4EF8-85B4-0CAB3CB6AE94}.Debug|Win32.ActiveCfg = Debug|Win32
		{F354E954-B370-4EF8-85B4-0CAB3CB6AE94}.Debug|Win32.Build.0 = Debug|Win32
		{F354E954-B370-4EF8-85B4-0CAB3CB6AE94}.Release|Win32.ActiveCfg = Release|Win32
		{F354E954-B370-4EF8-85B4-0CAB3CB6AE94}.Release|Win32.Build.0 = Release|Win32
	EndGlobalSection
	GlobalSection(SolutionProperties) = preSolution
		HideSolutionNode = FALSE
	EndGlobalSection
EndGlobal
